// !$*UTF8*$!
{
	archiveVersion = 1;
	classes = {
	};
	objectVersion = 46;
	objects = {

/* Begin PBXBuildFile section */
		18A3DA001F75304C0035706B /* main.m in Sources */ = {isa = PBXBuildFile; fileRef = 18A3D9FF1F75304C0035706B /* main.m */; };
		18A3DA031F75304C0035706B /* AppDelegate.m in Sources */ = {isa = PBXBuildFile; fileRef = 18A3DA021F75304C0035706B /* AppDelegate.m */; };
		18A3DA061F75304C0035706B /* ViewController.m in Sources */ = {isa = PBXBuildFile; fileRef = 18A3DA051F75304C0035706B /* ViewController.m */; };
		18A3DA091F75304C0035706B /* Main.storyboard in Resources */ = {isa = PBXBuildFile; fileRef = 18A3DA071F75304C0035706B /* Main.storyboard */; };
		18A3DA0B1F75304C0035706B /* Assets.xcassets in Resources */ = {isa = PBXBuildFile; fileRef = 18A3DA0A1F75304C0035706B /* Assets.xcassets */; };
		18A3DA0E1F75304C0035706B /* LaunchScreen.storyboard in Resources */ = {isa = PBXBuildFile; fileRef = 18A3DA0C1F75304C0035706B /* LaunchScreen.storyboard */; };
		18A3DA181F75331D0035706B /* newOne.m in Sources */ = {isa = PBXBuildFile; fileRef = 18A3DA171F75331D0035706B /* newOne.m */; };
/* End PBXBuildFile section */

/* Begin PBXFileReference section */
		18A3D9FB1F75304C0035706B /* Hellow.app */ = {isa = PBXFileReference; explicitFileType = wrapper.application; includeInIndex = 0; path = Hellow.app; sourceTree = BUILT_PRODUCTS_DIR; };
		18A3D9FF1F75304C0035706B /* main.m */ = {isa = PBXFileReference; lastKnownFileType = sourcecode.c.objc; path = main.m; sourceTree = "<group>"; };
		18A3DA011F75304C0035706B /* AppDelegate.h */ = {isa = PBXFileReference; lastKnownFileType = sourcecode.c.h; path = AppDelegate.h; sourceTree = "<group>"; };
		18A3DA021F75304C0035706B /* AppDelegate.m */ = {isa = PBXFileReference; lastKnownFileType = sourcecode.c.objc; path = AppDelegate.m; sourceTree = "<group>"; };
		18A3DA041F75304C0035706B /* ViewController.h */ = {isa = PBXFileReference; lastKnownFileType = sourcecode.c.h; path = ViewController.h; sourceTree = "<group>"; };
		18A3DA051F75304C0035706B /* ViewController.m */ = {isa = PBXFileReference; lastKnownFileType = sourcecode.c.objc; path = ViewController.m; sourceTree = "<group>"; };
		18A3DA081F75304C0035706B /* Base */ = {isa = PBXFileReference; lastKnownFileType = file.storyboard; name = Base; path = Base.lproj/Main.storyboard; sourceTree = "<group>"; };
		18A3DA0A1F75304C0035706B /* Assets.xcassets */ = {isa = PBXFileReference; lastKnownFileType = folder.assetcatalog; path = Assets.xcassets; sourceTree = "<group>"; };
		18A3DA0D1F75304C0035706B /* Base */ = {isa = PBXFileReference; lastKnownFileType = file.storyboard; name = Base; path = Base.lproj/LaunchScreen.storyboard; sourceTree = "<group>"; };
		18A3DA0F1F75304C0035706B /* Info.plist */ = {isa = PBXFileReference; lastKnownFileType = text.plist.xml; path = Info.plist; sourceTree = "<group>"; };
		18A3DA161F75331D0035706B /* newOne.h */ = {isa = PBXFileReference; fileEncoding = 4; lastKnownFileType = sourcecode.c.h; path = newOne.h; sourceTree = "<group>"; };
		18A3DA171F75331D0035706B /* newOne.m */ = {isa = PBXFileReference; fileEncoding = 4; lastKnownFileType = sourcecode.c.objc; path = newOne.m; sourceTree = "<group>"; };
/* End PBXFileReference section */

/* Begin PBXFrameworksBuildPhase section */
		18A3D9F81F75304C0035706B /* Frameworks */ = {
			isa = PBXFrameworksBuildPhase;
			buildActionMask = 2147483647;
			files = (
			);
			runOnlyForDeploymentPostprocessing = 0;
		};
/* End PBXFrameworksBuildPhase section */

/* Begin PBXGroup section */
		18A3D9F21F75304C0035706B = {
			isa = PBXGroup;
			children = (
				18A3D9FD1F75304C0035706B /* Hellow */,
				18A3D9FC1F75304C0035706B /* Products */,
			);
			sourceTree = "<group>";
		};
		18A3D9FC1F75304C0035706B /* Products */ = {
			isa = PBXGroup;
			children = (
				18A3D9FB1F75304C0035706B /* Hellow.app */,
			);
			name = Products;
			sourceTree = "<group>";
		};
		18A3D9FD1F75304C0035706B /* Hellow */ = {
			isa = PBXGroup;
			children = (
				18A3DA151F7533040035706B /* newOne */,
				18A3DA011F75304C0035706B /* AppDelegate.h */,
				18A3DA021F75304C0035706B /* AppDelegate.m */,
				18A3DA041F75304C0035706B /* ViewController.h */,
				18A3DA051F75304C0035706B /* ViewController.m */,
				18A3DA071F75304C0035706B /* Main.storyboard */,
				18A3DA0A1F75304C0035706B /* Assets.xcassets */,
				18A3DA0C1F75304C0035706B /* LaunchScreen.storyboard */,
				18A3DA0F1F75304C0035706B /* Info.plist */,
				18A3D9FE1F75304C0035706B /* Supporting Files */,
			);
			path = Hellow;
			sourceTree = "<group>";
		};
		18A3D9FE1F75304C0035706B /* Supporting Files */ = {
			isa = PBXGroup;
			children = (
				18A3D9FF1F75304C0035706B /* main.m */,
			);
			name = "Supporting Files";
			sourceTree = "<group>";
		};
		18A3DA151F7533040035706B /* newOne */ = {
			isa = PBXGroup;
			children = (
				18A3DA161F75331D0035706B /* newOne.h */,
				18A3DA171F75331D0035706B /* newOne.m */,
			);
			name = newOne;
			sourceTree = "<group>";
		};
/* End PBXGroup section */

/* Begin PBXNativeTarget section */
		18A3D9FA1F75304C0035706B /* Hellow */ = {
			isa = PBXNativeTarget;
			buildConfigurationList = 18A3DA121F75304C0035706B /* Build configuration list for PBXNativeTarget "Hellow" */;
			buildPhases = (
				18A3D9F71F75304C0035706B /* Sources */,
				18A3D9F81F75304C0035706B /* Frameworks */,
				18A3D9F91F75304C0035706B /* Resources */,
			);
			buildRules = (
			);
			dependencies = (
			);
			name = Hellow;
			productName = Hellow;
			productReference = 18A3D9FB1F75304C0035706B /* Hellow.app */;
			productType = "com.apple.product-type.application";
		};
/* End PBXNativeTarget section */

/* Begin PBXProject section */
		18A3D9F31F75304C0035706B /* Project object */ = {
			isa = PBXProject;
			attributes = {
				LastUpgradeCheck = 0830;
				ORGANIZATIONNAME = Apple;
				TargetAttributes = {
					18A3D9FA1F75304C0035706B = {
						CreatedOnToolsVersion = 8.3.3;
						DevelopmentTeam = VQELGPENA9;
						ProvisioningStyle = Automatic;
					};
				};
			};
			buildConfigurationList = 18A3D9F61F75304C0035706B /* Build configuration list for PBXProject "Hellow" */;
			compatibilityVersion = "Xcode 3.2";
			developmentRegion = English;
			hasScannedForEncodings = 0;
			knownRegions = (
				en,
				Base,
			);
			mainGroup = 18A3D9F21F75304C0035706B;
			productRefGroup = 18A3D9FC1F75304C0035706B /* Products */;
			projectDirPath = "";
			projectRoot = "";
			targets = (
				18A3D9FA1F75304C0035706B /* Hellow */,
			);
		};
/* End PBXProject section */

/* Begin PBXResourcesBuildPhase section */
		18A3D9F91F75304C0035706B /* Resources */ = {
			isa = PBXResourcesBuildPhase;
			buildActionMask = 2147483647;
			files = (
				18A3DA0E1F75304C0035706B /* LaunchScreen.storyboard in Resources */,
				18A3DA0B1F75304C0035706B /* Assets.xcassets in Resources */,
				18A3DA091F75304C0035706B /* Main.storyboard in Resources */,
			);
			runOnlyForDeploymentPostprocessing = 0;
		};
/* End PBXResourcesBuildPhase section */

/* Begin PBXSourcesBuildPhase section */
		18A3D9F71F75304C0035706B /* Sources */ = {
			isa = PBXSourcesBuildPhase;
			buildActionMask = 2147483647;
			files = (
				18A3DA061F75304C0035706B /* ViewController.m in Sources */,
				18A3DA031F75304C0035706B /* AppDelegate.m in Sources */,
				18A3DA001F75304C0035706B /* main.m in Sources */,
				18A3DA181F75331D0035706B /* newOne.m in Sources */,
			);
			runOnlyForDeploymentPostprocessing = 0;
		};
/* End PBXSourcesBuildPhase section */

/* Begin PBXVariantGroup section */
		18A3DA071F75304C0035706B /* Main.storyboard */ = {
			isa = PBXVariantGroup;
			children = (
				18A3DA081F75304C0035706B /* Base */,
			);
			name = Main.storyboard;
			sourceTree = "<group>";
		};
		18A3DA0C1F75304C0035706B /* LaunchScreen.storyboard */ = {
			isa = PBXVariantGroup;
			children = (
				18A3DA0D1F75304C0035706B /* Base */,
			);
			name = LaunchScreen.storyboard;
			sourceTree = "<group>";
		};
/* End PBXVariantGroup section */

/* Begin XCBuildConfiguration section */
		18A3DA101F75304C0035706B /* Debug */ = {
			isa = XCBuildConfiguration;
			buildSettings = {
				ALWAYS_SEARCH_USER_PATHS = NO;
				CLANG_ANALYZER_NONNULL = YES;
				CLANG_ANALYZER_NUMBER_OBJECT_CONVERSION = YES_AGGRESSIVE;
				CLANG_CXX_LANGUAGE_STANDARD = "gnu++0x";
				CLANG_CXX_LIBRARY = "libc++";
				CLANG_ENABLE_MODULES = YES;
				CLANG_ENABLE_OBJC_ARC = YES;
				CLANG_WARN_BOOL_CONVERSION = YES;
				CLANG_WARN_CONSTANT_CONVERSION = YES;
				CLANG_WARN_DIRECT_OBJC_ISA_USAGE = YES_ERROR;
				CLANG_WARN_DOCUMENTATION_COMMENTS = YES;
				CLANG_WARN_EMPTY_BODY = YES;
				CLANG_WARN_ENUM_CONVERSION = YES;
				CLANG_WARN_INFINITE_RECURSION = YES;
				CLANG_WARN_INT_CONVERSION = YES;
				CLANG_WARN_OBJC_ROOT_CLASS = YES_ERROR;
				CLANG_WARN_SUSPICIOUS_MOVE = YES;
				CLANG_WARN_UNREACHABLE_CODE = YES;
				CLANG_WARN__DUPLICATE_METHOD_MATCH = YES;
				"CODE_SIGN_IDENTITY[sdk=iphoneos*]" = "iPhone Developer";
				COPY_PHASE_STRIP = NO;
				DEBUG_INFORMATION_FORMAT = dwarf;
				ENABLE_STRICT_OBJC_MSGSEND = YES;
				ENABLE_TESTABILITY = YES;
				GCC_C_LANGUAGE_STANDARD = gnu99;
				GCC_DYNAMIC_NO_PIC = NO;
				GCC_NO_COMMON_BLOCKS = YES;
				GCC_OPTIMIZATION_LEVEL = 0;
				GCC_PREPROCESSOR_DEFINITIONS = (
					"DEBUG=1",
					"$(inherited)",
				);
				GCC_WARN_64_TO_32_BIT_CONVERSION = YES;
				GCC_WARN_ABOUT_RETURN_TYPE = YES_ERROR;
				GCC_WARN_UNDECLARED_SELECTOR = YES;
				GCC_WARN_UNINITIALIZED_AUTOS = YES_AGGRESSIVE;
				GCC_WARN_UNUSED_FUNCTION = YES;
				GCC_WARN_UNUSED_VARIABLE = YES;
				IPHONEOS_DEPLOYMENT_TARGET = 10.3;
				MTL_ENABLE_DEBUG_INFO = YES;
				ONLY_ACTIVE_ARCH = YES;
				SDKROOT = iphoneos;
			};
			name = Debug;
		};
		18A3DA111F75304C0035706B /* Release */ = {
			isa = XCBuildConfiguration;
			buildSettings = {
				ALWAYS_SEARCH_USER_PATHS = NO;
				CLANG_ANALYZER_NONNULL = YES;
				CLANG_ANALYZER_NUMBER_OBJECT_CONVERSION = YES_AGGRESSIVE;
				CLANG_CXX_LANGUAGE_STANDARD = "gnu++0x";
				CLANG_CXX_LIBRARY = "libc++";
				CLANG_ENABLE_MODULES = YES;
				CLANG_ENABLE_OBJC_ARC = YES;
				CLANG_WARN_BOOL_CONVERSION = YES;
				CLANG_WARN_CONSTANT_CONVERSION = YES;
				CLANG_WARN_DIRECT_OBJC_ISA_USAGE = YES_ERROR;
				CLANG_WARN_DOCUMENTATION_COMMENTS = YES;
				CLANG_WARN_EMPTY_BODY = YES;
				CLANG_WARN_ENUM_CONVERSION = YES;
				CLANG_WARN_INFINITE_RECURSION = YES;
				CLANG_WARN_INT_CONVERSION = YES;
				CLANG_WARN_OBJC_ROOT_CLASS = YES_ERROR;
				CLANG_WARN_SUSPICIOUS_MOVE = YES;
				CLANG_WARN_UNREACHABLE_CODE = YES;
				CLANG_WARN__DUPLICATE_METHOD_MATCH = YES;
				"CODE_SIGN_IDENTITY[sdk=iphoneos*]" = "iPhone Developer";
				COPY_PHASE_STRIP = NO;
				DEBUG_INFORMATION_FORMAT = "dwarf-with-dsym";
				ENABLE_NS_ASSERTIONS = NO;
				ENABLE_STRICT_OBJC_MSGSEND = YES;
				GCC_C_LANGUAGE_STANDARD = gnu99;
				GCC_NO_COMMON_BLOCKS = YES;
				GCC_WARN_64_TO_32_BIT_CONVERSION = YES;
				GCC_WARN_ABOUT_RETURN_TYPE = YES_ERROR;
				GCC_WARN_UNDECLARED_SELECTOR = YES;
				GCC_WARN_UNINITIALIZED_AUTOS = YES_AGGRESSIVE;
				GCC_WARN_UNUSED_FUNCTION = YES;
				GCC_WARN_UNUSED_VARIABLE = YES;
				IPHONEOS_DEPLOYMENT_TARGET = 10.3;
				MTL_ENABLE_DEBUG_INFO = NO;
				SDKROOT = iphoneos;
				VALIDATE_PRODUCT = YES;
			};
			name = Release;
		};
		18A3DA131F75304C0035706B /* Debug */ = {
			isa = XCBuildConfiguration;
			buildSettings = {
				ASSETCATALOG_COMPILER_APPICON_NAME = AppIcon;
				DEVELOPMENT_TEAM = VQELGPENA9;
				INFOPLIST_FILE = Hellow/Info.plist;
				LD_RUNPATH_SEARCH_PATHS = "$(inherited) @executable_path/Frameworks";
				PRODUCT_BUNDLE_IDENTIFIER = com.cqut.edu.Hellow;
				PRODUCT_NAME = "$(TARGET_NAME)";
			};
			name = Debug;
		};
		18A3DA141F75304C0035706B /* Release */ = {
			isa = XCBuildConfiguration;
			buildSettings = {
				ASSETCATALOG_COMPILER_APPICON_NAME = AppIcon;
				DEVELOPMENT_TEAM = VQELGPENA9;
				INFOPLIST_FILE = Hellow/Info.plist;
				LD_RUNPATH_SEARCH_PATHS = "$(inherited) @executable_path/Frameworks";
				PRODUCT_BUNDLE_IDENTIFIER = com.cqut.edu.Hellow;
				PRODUCT_NAME = "$(TARGET_NAME)";
			};
			name = Release;
		};
/* End XCBuildConfiguration section */

/* Begin XCConfigurationList section */
		18A3D9F61F75304C0035706B /* Build configuration list for PBXProject "Hellow" */ = {
			isa = XCConfigurationList;
			buildConfigurations = (
				18A3DA101F75304C0035706B /* Debug */,
				18A3DA111F75304C0035706B /* Release */,
			);
			defaultConfigurationIsVisible = 0;
			defaultConfigurationName = Release;
		};
		18A3DA121F75304C0035706B /* Build configuration list for PBXNativeTarget "Hellow" */ = {
			isa = XCConfigurationList;
			buildConfigurations = (
				18A3DA131F75304C0035706B /* Debug */,
				18A3DA141F75304C0035706B /* Release */,
			);
			defaultConfigurationIsVisible = 0;
			defaultConfigurationName = Release;
		};
/* End XCConfigurationList section */
	};
	rootObject = 18A3D9F31F75304C0035706B /* Project object */;
}
